
Microsoft Visual Studio Solution File, Format Version 12.00
# Visual Studio Version 16
VisualStudioVersion = 16.0.30907.101
MinimumVisualStudioVersion = 10.0.40219.1
Project("{FAE04EC0-301F-11D3-BF4B-00C04F79EFBC}") = "Ch6-Ex6-ChatAWhile", "Ch6-Ex6-ChatAWhile\Ch6-Ex6-ChatAWhile.csproj", "{55FB83CA-561F-4007-9EED-9EF16F06F48E}"
EndProject
Global
	GlobalSection(SolutionConfigurationPlatforms) = preSolution
		Debug|Any CPU = Debug|Any CPU
		Release|Any CPU = Release|Any CPU
	EndGlobalSection
	GlobalSection(ProjectConfigurationPlatforms) = postSolution
		{55FB83CA-561F-4007-9EED-9EF16F06F48E}.Debug|Any CPU.ActiveCfg = Debug|Any CPU
		{55FB83CA-561F-4007-9EED-9EF16F06F48E}.Debug|Any CPU.Build.0 = Debug|Any CPU
		{55FB83CA-561F-4007-9EED-9EF16F06F48E}.Release|Any CPU.ActiveCfg = Release|Any CPU
		{55FB83CA-561F-4007-9EED-9EF16F06F48E}.Release|Any CPU.Build.0 = Release|Any CPU
	EndGlobalSection
	GlobalSection(SolutionProperties) = preSolution
		HideSolutionNode = FALSE
	EndGlobalSection
	GlobalSection(ExtensibilityGlobals) = postSolution
		SolutionGuid = {ECC141A1-12AF-41FA-8244-2AD9F6C9426F}
	EndGlobalSection
EndGlobal
